// !$*UTF8*$!
{
	archiveVersion = 1;
	classes = {
	};
	objectVersion = 48;
	objects = {

/* Begin PBXBuildFile section */
		D92B2C141FBF7CFC0089F45E /* Themes.swift in Sources */ = {isa = PBXBuildFile; fileRef = D92B2C131FBF7CFC0089F45E /* Themes.swift */; };
		D96A4D241FBA34F200379D0C /* Concentration.swift in Sources */ = {isa = PBXBuildFile; fileRef = D96A4D231FBA34F200379D0C /* Concentration.swift */; };
		D96A4D261FBA395100379D0C /* Card.swift in Sources */ = {isa = PBXBuildFile; fileRef = D96A4D251FBA395100379D0C /* Card.swift */; };
		D9EDCFCD1FB8D1E400808B0E /* AppDelegate.swift in Sources */ = {isa = PBXBuildFile; fileRef = D9EDCFCC1FB8D1E400808B0E /* AppDelegate.swift */; };
		D9EDCFCF1FB8D1E400808B0E /* ViewController.swift in Sources */ = {isa = PBXBuildFile; fileRef = D9EDCFCE1FB8D1E400808B0E /* ViewController.swift */; };
		D9EDCFD21FB8D1E400808B0E /* Main.storyboard in Resources */ = {isa = PBXBuildFile; fileRef = D9EDCFD01FB8D1E400808B0E /* Main.storyboard */; };
		D9EDCFD41FB8D1E400808B0E /* Assets.xcassets in Resources */ = {isa = PBXBuildFile; fileRef = D9EDCFD31FB8D1E400808B0E /* Assets.xcassets */; };
		D9EDCFD71FB8D1E400808B0E /* LaunchScreen.storyboard in Resources */ = {isa = PBXBuildFile; fileRef = D9EDCFD51FB8D1E400808B0E /* LaunchScreen.storyboard */; };
/* End PBXBuildFile section */

/* Begin PBXFileReference section */
		D92B2C131FBF7CFC0089F45E /* Themes.swift */ = {isa = PBXFileReference; lastKnownFileType = sourcecode.swift; path = Themes.swift; sourceTree = "<group>"; };
		D96A4D231FBA34F200379D0C /* Concentration.swift */ = {isa = PBXFileReference; lastKnownFileType = sourcecode.swift; path = Concentration.swift; sourceTree = "<group>"; };
		D96A4D251FBA395100379D0C /* Card.swift */ = {isa = PBXFileReference; lastKnownFileType = sourcecode.swift; path = Card.swift; sourceTree = "<group>"; };
		D9EDCFC91FB8D1E400808B0E /* Concentration.app */ = {isa = PBXFileReference; explicitFileType = wrapper.application; includeInIndex = 0; path = Concentration.app; sourceTree = BUILT_PRODUCTS_DIR; };
		D9EDCFCC1FB8D1E400808B0E /* AppDelegate.swift */ = {isa = PBXFileReference; lastKnownFileType = sourcecode.swift; path = AppDelegate.swift; sourceTree = "<group>"; };
		D9EDCFCE1FB8D1E400808B0E /* ViewController.swift */ = {isa = PBXFileReference; lastKnownFileType = sourcecode.swift; path = ViewController.swift; sourceTree = "<group>"; };
		D9EDCFD11FB8D1E400808B0E /* Base */ = {isa = PBXFileReference; lastKnownFileType = file.storyboard; name = Base; path = Base.lproj/Main.storyboard; sourceTree = "<group>"; };
		D9EDCFD31FB8D1E400808B0E /* Assets.xcassets */ = {isa = PBXFileReference; lastKnownFileType = folder.assetcatalog; path = Assets.xcassets; sourceTree = "<group>"; };
		D9EDCFD61FB8D1E400808B0E /* Base */ = {isa = PBXFileReference; lastKnownFileType = file.storyboard; name = Base; path = Base.lproj/LaunchScreen.storyboard; sourceTree = "<group>"; };
		D9EDCFD81FB8D1E400808B0E /* Info.plist */ = {isa = PBXFileReference; lastKnownFileType = text.plist.xml; path = Info.plist; sourceTree = "<group>"; };
/* End PBXFileReference section */

/* Begin PBXFrameworksBuildPhase section */
		D9EDCFC61FB8D1E400808B0E /* Frameworks */ = {
			isa = PBXFrameworksBuildPhase;
			buildActionMask = 2147483647;
			files = (
			);
			runOnlyForDeploymentPostprocessing = 0;
		};
/* End PBXFrameworksBuildPhase section */

/* Begin PBXGroup section */
		D9EDCFC01FB8D1E400808B0E = {
			isa = PBXGroup;
			children = (
				D9EDCFCB1FB8D1E400808B0E /* Concentration */,
				D9EDCFCA1FB8D1E400808B0E /* Products */,
			);
			sourceTree = "<group>";
		};
		D9EDCFCA1FB8D1E400808B0E /* Products */ = {
			isa = PBXGroup;
			children = (
				D9EDCFC91FB8D1E400808B0E /* Concentration.app */,
			);
			name = Products;
			sourceTree = "<group>";
		};
		D9EDCFCB1FB8D1E400808B0E /* Concentration */ = {
			isa = PBXGroup;
			children = (
				D92B2C131FBF7CFC0089F45E /* Themes.swift */,
				D96A4D231FBA34F200379D0C /* Concentration.swift */,
				D96A4D251FBA395100379D0C /* Card.swift */,
				D9EDCFCE1FB8D1E400808B0E /* ViewController.swift */,
				D9EDCFD01FB8D1E400808B0E /* Main.storyboard */,
				D9EDCFDE1FB8D61600808B0E /* Supporting Files */,
				D9EDCFD81FB8D1E400808B0E /* Info.plist */,
			);
			path = Concentration;
			sourceTree = "<group>";
		};
		D9EDCFDE1FB8D61600808B0E /* Supporting Files */ = {
			isa = PBXGroup;
			children = (
				D9EDCFCC1FB8D1E400808B0E /* AppDelegate.swift */,
				D9EDCFD31FB8D1E400808B0E /* Assets.xcassets */,
				D9EDCFD51FB8D1E400808B0E /* LaunchScreen.storyboard */,
			);
			path = "Supporting Files";
			sourceTree = "<group>";
		};
/* End PBXGroup section */

/* Begin PBXNativeTarget section */
		D9EDCFC81FB8D1E400808B0E /* Concentration */ = {
			isa = PBXNativeTarget;
			buildConfigurationList = D9EDCFDB1FB8D1E400808B0E /* Build configuration list for PBXNativeTarget "Concentration" */;
			buildPhases = (
				D9EDCFC51FB8D1E400808B0E /* Sources */,
				D9EDCFC61FB8D1E400808B0E /* Frameworks */,
				D9EDCFC71FB8D1E400808B0E /* Resources */,
			);
			buildRules = (
			);
			dependencies = (
			);
			name = Concentration;
			productName = Concentration;
			productReference = D9EDCFC91FB8D1E400808B0E /* Concentration.app */;
			productType = "com.apple.product-type.application";
		};
/* End PBXNativeTarget section */

/* Begin PBXProject section */
		D9EDCFC11FB8D1E400808B0E /* Project object */ = {
			isa = PBXProject;
			attributes = {
				LastSwiftUpdateCheck = 0910;
				LastUpgradeCheck = 0910;
				ORGANIZATIONNAME = GRIAL;
				TargetAttributes = {
					D9EDCFC81FB8D1E400808B0E = {
						CreatedOnToolsVersion = 9.1;
						ProvisioningStyle = Automatic;
					};
				};
			};
			buildConfigurationList = D9EDCFC41FB8D1E400808B0E /* Build configuration list for PBXProject "Concentration" */;
			compatibilityVersion = "Xcode 8.0";
			developmentRegion = en;
			hasScannedForEncodings = 0;
			knownRegions = (
				en,
				Base,
			);
			mainGroup = D9EDCFC01FB8D1E400808B0E;
			productRefGroup = D9EDCFCA1FB8D1E400808B0E /* Products */;
			projectDirPath = "";
			projectRoot = "";
			targets = (
				D9EDCFC81FB8D1E400808B0E /* Concentration */,
			);
		};
/* End PBXProject section */

/* Begin PBXResourcesBuildPhase section */
		D9EDCFC71FB8D1E400808B0E /* Resources */ = {
			isa = PBXResourcesBuildPhase;
			buildActionMask = 2147483647;
			files = (
				D9EDCFD71FB8D1E400808B0E /* LaunchScreen.storyboard in Resources */,
				D9EDCFD41FB8D1E400808B0E /* Assets.xcassets in Resources */,
				D9EDCFD21FB8D1E400808B0E /* Main.storyboard in Resources */,
			);
			runOnlyForDeploymentPostprocessing = 0;
		};
/* End PBXResourcesBuildPhase section */

/* Begin PBXSourcesBuildPhase section */
		D9EDCFC51FB8D1E400808B0E /* Sources */ = {
			isa = PBXSourcesBuildPhase;
			buildActionMask = 2147483647;
			files = (
				D9EDCFCF1FB8D1E400808B0E /* ViewController.swift in Sources */,
				D92B2C141FBF7CFC0089F45E /* Themes.swift in Sources */,
				D9EDCFCD1FB8D1E400808B0E /* AppDelegate.swift in Sources */,
				D96A4D241FBA34F200379D0C /* Concentration.swift in Sources */,
				D96A4D261FBA395100379D0C /* Card.swift in Sources */,
			);
			runOnlyForDeploymentPostprocessing = 0;
		};
/* End PBXSourcesBuildPhase section */

/* Begin PBXVariantGroup section */
		D9EDCFD01FB8D1E400808B0E /* Main.storyboard */ = {
			isa = PBXVariantGroup;
			children = (
				D9EDCFD11FB8D1E400808B0E /* Base */,
			);
			name = Main.storyboard;
			sourceTree = "<group>";
		};
		D9EDCFD51FB8D1E400808B0E /* LaunchScreen.storyboard */ = {
			isa = PBXVariantGroup;
			children = (
				D9EDCFD61FB8D1E400808B0E /* Base */,
			);
			name = LaunchScreen.storyboard;
			sourceTree = "<group>";
		};
/* End PBXVariantGroup section */

/* Begin XCBuildConfiguration section */
		D9EDCFD91FB8D1E400808B0E /* Debug */ = {
			isa = XCBuildConfiguration;
			buildSettings = {
				ALWAYS_SEARCH_USER_PATHS = NO;
				CLANG_ANALYZER_NONNULL = YES;
				CLANG_ANALYZER_NUMBER_OBJECT_CONVERSION = YES_AGGRESSIVE;
				CLANG_CXX_LANGUAGE_STANDARD = "gnu++14";
				CLANG_CXX_LIBRARY = "libc++";
				CLANG_ENABLE_MODULES = YES;
				CLANG_ENABLE_OBJC_ARC = YES;
				CLANG_WARN_BLOCK_CAPTURE_AUTORELEASING = YES;
				CLANG_WARN_BOOL_CONVERSION = YES;
				CLANG_WARN_COMMA = YES;
				CLANG_WARN_CONSTANT_CONVERSION = YES;
				CLANG_WARN_DIRECT_OBJC_ISA_USAGE = YES_ERROR;
				CLANG_WARN_DOCUMENTATION_COMMENTS = YES;
				CLANG_WARN_EMPTY_BODY = YES;
				CLANG_WARN_ENUM_CONVERSION = YES;
				CLANG_WARN_INFINITE_RECURSION = YES;
				CLANG_WARN_INT_CONVERSION = YES;
				CLANG_WARN_NON_LITERAL_NULL_CONVERSION = YES;
				CLANG_WARN_OBJC_LITERAL_CONVERSION = YES;
				CLANG_WARN_OBJC_ROOT_CLASS = YES_ERROR;
				CLANG_WARN_RANGE_LOOP_ANALYSIS = YES;
				CLANG_WARN_STRICT_PROTOTYPES = YES;
				CLANG_WARN_SUSPICIOUS_MOVE = YES;
				CLANG_WARN_UNGUARDED_AVAILABILITY = YES_AGGRESSIVE;
				CLANG_WARN_UNREACHABLE_CODE = YES;
				CLANG_WARN__DUPLICATE_METHOD_MATCH = YES;
				CODE_SIGN_IDENTITY = "iPhone Developer";
				COPY_PHASE_STRIP = NO;
				DEBUG_INFORMATION_FORMAT = dwarf;
				ENABLE_STRICT_OBJC_MSGSEND = YES;
				ENABLE_TESTABILITY = YES;
				GCC_C_LANGUAGE_STANDARD = gnu11;
				GCC_DYNAMIC_NO_PIC = NO;
				GCC_NO_COMMON_BLOCKS = YES;
				GCC_OPTIMIZATION_LEVEL = 0;
				GCC_PREPROCESSOR_DEFINITIONS = (
					"DEBUG=1",
					"$(inherited)",
				);
				GCC_WARN_64_TO_32_BIT_CONVERSION = YES;
				GCC_WARN_ABOUT_RETURN_TYPE = YES_ERROR;
				GCC_WARN_UNDECLARED_SELECTOR = YES;
				GCC_WARN_UNINITIALIZED_AUTOS = YES_AGGRESSIVE;
				GCC_WARN_UNUSED_FUNCTION = YES;
				GCC_WARN_UNUSED_VARIABLE = YES;
				IPHONEOS_DEPLOYMENT_TARGET = 11.1;
				MTL_ENABLE_DEBUG_INFO = YES;
				ONLY_ACTIVE_ARCH = YES;
				SDKROOT = iphoneos;
				SWIFT_ACTIVE_COMPILATION_CONDITIONS = DEBUG;
				SWIFT_OPTIMIZATION_LEVEL = "-Onone";
			};
			name = Debug;
		};
		D9EDCFDA1FB8D1E400808B0E /* Release */ = {
			isa = XCBuildConfiguration;
			buildSettings = {
				ALWAYS_SEARCH_USER_PATHS = NO;
				CLANG_ANALYZER_NONNULL = YES;
				CLANG_ANALYZER_NUMBER_OBJECT_CONVERSION = YES_AGGRESSIVE;
				CLANG_CXX_LANGUAGE_STANDARD = "gnu++14";
				CLANG_CXX_LIBRARY = "libc++";
				CLANG_ENABLE_MODULES = YES;
				CLANG_ENABLE_OBJC_ARC = YES;
				CLANG_WARN_BLOCK_CAPTURE_AUTORELEASING = YES;
				CLANG_WARN_BOOL_CONVERSION = YES;
				CLANG_WARN_COMMA = YES;
				CLANG_WARN_CONSTANT_CONVERSION = YES;
				CLANG_WARN_DIRECT_OBJC_ISA_USAGE = YES_ERROR;
				CLANG_WARN_DOCUMENTATION_COMMENTS = YES;
				CLANG_WARN_EMPTY_BODY = YES;
				CLANG_WARN_ENUM_CONVERSION = YES;
				CLANG_WARN_INFINITE_RECURSION = YES;
				CLANG_WARN_INT_CONVERSION = YES;
				CLANG_WARN_NON_LITERAL_NULL_CONVERSION = YES;
				CLANG_WARN_OBJC_LITERAL_CONVERSION = YES;
				CLANG_WARN_OBJC_ROOT_CLASS = YES_ERROR;
				CLANG_WARN_RANGE_LOOP_ANALYSIS = YES;
				CLANG_WARN_STRICT_PROTOTYPES = YES;
				CLANG_WARN_SUSPICIOUS_MOVE = YES;
				CLANG_WARN_UNGUARDED_AVAILABILITY = YES_AGGRESSIVE;
				CLANG_WARN_UNREACHABLE_CODE = YES;
				CLANG_WARN__DUPLICATE_METHOD_MATCH = YES;
				CODE_SIGN_IDENTITY = "iPhone Developer";
				COPY_PHASE_STRIP = NO;
				DEBUG_INFORMATION_FORMAT = "dwarf-with-dsym";
				ENABLE_NS_ASSERTIONS = NO;
				ENABLE_STRICT_OBJC_MSGSEND = YES;
				GCC_C_LANGUAGE_STANDARD = gnu11;
				GCC_NO_COMMON_BLOCKS = YES;
				GCC_WARN_64_TO_32_BIT_CONVERSION = YES;
				GCC_WARN_ABOUT_RETURN_TYPE = YES_ERROR;
				GCC_WARN_UNDECLARED_SELECTOR = YES;
				GCC_WARN_UNINITIALIZED_AUTOS = YES_AGGRESSIVE;
				GCC_WARN_UNUSED_FUNCTION = YES;
				GCC_WARN_UNUSED_VARIABLE = YES;
				IPHONEOS_DEPLOYMENT_TARGET = 11.1;
				MTL_ENABLE_DEBUG_INFO = NO;
				SDKROOT = iphoneos;
				SWIFT_OPTIMIZATION_LEVEL = "-Owholemodule";
				VALIDATE_PRODUCT = YES;
			};
			name = Release;
		};
		D9EDCFDC1FB8D1E400808B0E /* Debug */ = {
			isa = XCBuildConfiguration;
			buildSettings = {
				ASSETCATALOG_COMPILER_APPICON_NAME = AppIcon;
				CODE_SIGN_IDENTITY = "";
				CODE_SIGN_STYLE = Automatic;
				DEVELOPMENT_TEAM = "";
				INFOPLIST_FILE = Concentration/Info.plist;
				LD_RUNPATH_SEARCH_PATHS = "$(inherited) @executable_path/Frameworks";
				PRODUCT_BUNDLE_IDENTIFIER = frknwn.Concentration;
				PRODUCT_NAME = "$(TARGET_NAME)";
				SWIFT_VERSION = 4.0;
				TARGETED_DEVICE_FAMILY = "1,2";
			};
			name = Debug;
		};
		D9EDCFDD1FB8D1E400808B0E /* Release */ = {
			isa = XCBuildConfiguration;
			buildSettings = {
				ASSETCATALOG_COMPILER_APPICON_NAME = AppIcon;
				CODE_SIGN_IDENTITY = "";
				CODE_SIGN_STYLE = Automatic;
				DEVELOPMENT_TEAM = "";
				INFOPLIST_FILE = Concentration/Info.plist;
				LD_RUNPATH_SEARCH_PATHS = "$(inherited) @executable_path/Frameworks";
				PRODUCT_BUNDLE_IDENTIFIER = frknwn.Concentration;
				PRODUCT_NAME = "$(TARGET_NAME)";
				SWIFT_VERSION = 4.0;
				TARGETED_DEVICE_FAMILY = "1,2";
			};
			name = Release;
		};
/* End XCBuildConfiguration section */

/* Begin XCConfigurationList section */
		D9EDCFC41FB8D1E400808B0E /* Build configuration list for PBXProject "Concentration" */ = {
			isa = XCConfigurationList;
			buildConfigurations = (
				D9EDCFD91FB8D1E400808B0E /* Debug */,
				D9EDCFDA1FB8D1E400808B0E /* Release */,
			);
			defaultConfigurationIsVisible = 0;
			defaultConfigurationName = Release;
		};
		D9EDCFDB1FB8D1E400808B0E /* Build configuration list for PBXNativeTarget "Concentration" */ = {
			isa = XCConfigurationList;
			buildConfigurations = (
				D9EDCFDC1FB8D1E400808B0E /* Debug */,
				D9EDCFDD1FB8D1E400808B0E /* Release */,
			);
			defaultConfigurationIsVisible = 0;
			defaultConfigurationName = Release;
		};
/* End XCConfigurationList section */
	};
	rootObject = D9EDCFC11FB8D1E400808B0E /* Project object */;
}
